// !$*UTF8*$!
{
	archiveVersion = 1;
	classes = {
	};
	objectVersion = 46;
	objects = {

/* Begin PBXBuildFile section */
		04A2BBA01A228C8E009D0CBB /* Foundation.framework in Frameworks */ = {isa = PBXBuildFile; fileRef = 04A2BB9F1A228C8E009D0CBB /* Foundation.framework */; };
		04A2BBA21A228C8E009D0CBB /* CoreGraphics.framework in Frameworks */ = {isa = PBXBuildFile; fileRef = 04A2BBA11A228C8E009D0CBB /* CoreGraphics.framework */; };
		04A2BBA41A228C8E009D0CBB /* UIKit.framework in Frameworks */ = {isa = PBXBuildFile; fileRef = 04A2BBA31A228C8E009D0CBB /* UIKit.framework */; };
		04A2BBAA1A228C8E009D0CBB /* InfoPlist.strings in Resources */ = {isa = PBXBuildFile; fileRef = 04A2BBA81A228C8E009D0CBB /* InfoPlist.strings */; };
		04A2BBAC1A228C8E009D0CBB /* main.m in Sources */ = {isa = PBXBuildFile; fileRef = 04A2BBAB1A228C8E009D0CBB /* main.m */; };
		04A2BBB01A228C8E009D0CBB /* SMAppDelegate.m in Sources */ = {isa = PBXBuildFile; fileRef = 04A2BBAF1A228C8E009D0CBB /* SMAppDelegate.m */; };
		04A2BBB31A228C8E009D0CBB /* Main.storyboard in Resources */ = {isa = PBXBuildFile; fileRef = 04A2BBB11A228C8E009D0CBB /* Main.storyboard */; };
		04A2BBB61A228C8E009D0CBB /* SMViewController.m in Sources */ = {isa = PBXBuildFile; fileRef = 04A2BBB51A228C8E009D0CBB /* SMViewController.m */; };
		04A2BBB81A228C8E009D0CBB /* Images.xcassets in Resources */ = {isa = PBXBuildFile; fileRef = 04A2BBB71A228C8E009D0CBB /* Images.xcassets */; };
		04A2BBBF1A228C8F009D0CBB /* XCTest.framework in Frameworks */ = {isa = PBXBuildFile; fileRef = 04A2BBBE1A228C8F009D0CBB /* XCTest.framework */; };
		04A2BBC01A228C8F009D0CBB /* Foundation.framework in Frameworks */ = {isa = PBXBuildFile; fileRef = 04A2BB9F1A228C8E009D0CBB /* Foundation.framework */; };
		04A2BBC11A228C8F009D0CBB /* UIKit.framework in Frameworks */ = {isa = PBXBuildFile; fileRef = 04A2BBA31A228C8E009D0CBB /* UIKit.framework */; };
		04A2BBC91A228C8F009D0CBB /* InfoPlist.strings in Resources */ = {isa = PBXBuildFile; fileRef = 04A2BBC71A228C8F009D0CBB /* InfoPlist.strings */; };
		04A2BBCB1A228C8F009D0CBB /* ZalunuTests.m in Sources */ = {isa = PBXBuildFile; fileRef = 04A2BBCA1A228C8F009D0CBB /* ZalunuTests.m */; };
/* End PBXBuildFile section */

/* Begin PBXContainerItemProxy section */
		04A2BBC21A228C8F009D0CBB /* PBXContainerItemProxy */ = {
			isa = PBXContainerItemProxy;
			containerPortal = 04A2BB941A228C8E009D0CBB /* Project object */;
			proxyType = 1;
			remoteGlobalIDString = 04A2BB9B1A228C8E009D0CBB;
			remoteInfo = Zalunu;
		};
/* End PBXContainerItemProxy section */

/* Begin PBXFileReference section */
		04A2BB9C1A228C8E009D0CBB /* Zalunu.app */ = {isa = PBXFileReference; explicitFileType = wrapper.application; includeInIndex = 0; path = Zalunu.app; sourceTree = BUILT_PRODUCTS_DIR; };
		04A2BB9F1A228C8E009D0CBB /* Foundation.framework */ = {isa = PBXFileReference; lastKnownFileType = wrapper.framework; name = Foundation.framework; path = System/Library/Frameworks/Foundation.framework; sourceTree = SDKROOT; };
		04A2BBA11A228C8E009D0CBB /* CoreGraphics.framework */ = {isa = PBXFileReference; lastKnownFileType = wrapper.framework; name = CoreGraphics.framework; path = System/Library/Frameworks/CoreGraphics.framework; sourceTree = SDKROOT; };
		04A2BBA31A228C8E009D0CBB /* UIKit.framework */ = {isa = PBXFileReference; lastKnownFileType = wrapper.framework; name = UIKit.framework; path = System/Library/Frameworks/UIKit.framework; sourceTree = SDKROOT; };
		04A2BBA71A228C8E009D0CBB /* Zalunu-Info.plist */ = {isa = PBXFileReference; lastKnownFileType = text.plist.xml; path = "Zalunu-Info.plist"; sourceTree = "<group>"; };
		04A2BBA91A228C8E009D0CBB /* en */ = {isa = PBXFileReference; lastKnownFileType = text.plist.strings; name = en; path = en.lproj/InfoPlist.strings; sourceTree = "<group>"; };
		04A2BBAB1A228C8E009D0CBB /* main.m */ = {isa = PBXFileReference; lastKnownFileType = sourcecode.c.objc; path = main.m; sourceTree = "<group>"; };
		04A2BBAD1A228C8E009D0CBB /* Zalunu-Prefix.pch */ = {isa = PBXFileReference; lastKnownFileType = sourcecode.c.h; path = "Zalunu-Prefix.pch"; sourceTree = "<group>"; };
		04A2BBAE1A228C8E009D0CBB /* SMAppDelegate.h */ = {isa = PBXFileReference; lastKnownFileType = sourcecode.c.h; path = SMAppDelegate.h; sourceTree = "<group>"; };
		04A2BBAF1A228C8E009D0CBB /* SMAppDelegate.m */ = {isa = PBXFileReference; lastKnownFileType = sourcecode.c.objc; path = SMAppDelegate.m; sourceTree = "<group>"; };
		04A2BBB21A228C8E009D0CBB /* Base */ = {isa = PBXFileReference; lastKnownFileType = file.storyboard; name = Base; path = Base.lproj/Main.storyboard; sourceTree = "<group>"; };
		04A2BBB41A228C8E009D0CBB /* SMViewController.h */ = {isa = PBXFileReference; lastKnownFileType = sourcecode.c.h; path = SMViewController.h; sourceTree = "<group>"; };
		04A2BBB51A228C8E009D0CBB /* SMViewController.m */ = {isa = PBXFileReference; lastKnownFileType = sourcecode.c.objc; path = SMViewController.m; sourceTree = "<group>"; };
		04A2BBB71A228C8E009D0CBB /* Images.xcassets */ = {isa = PBXFileReference; lastKnownFileType = folder.assetcatalog; path = Images.xcassets; sourceTree = "<group>"; };
		04A2BBBD1A228C8F009D0CBB /* ZalunuTests.xctest */ = {isa = PBXFileReference; explicitFileType = wrapper.cfbundle; includeInIndex = 0; path = ZalunuTests.xctest; sourceTree = BUILT_PRODUCTS_DIR; };
		04A2BBBE1A228C8F009D0CBB /* XCTest.framework */ = {isa = PBXFileReference; lastKnownFileType = wrapper.framework; name = XCTest.framework; path = Library/Frameworks/XCTest.framework; sourceTree = DEVELOPER_DIR; };
		04A2BBC61A228C8F009D0CBB /* ZalunuTests-Info.plist */ = {isa = PBXFileReference; lastKnownFileType = text.plist.xml; path = "ZalunuTests-Info.plist"; sourceTree = "<group>"; };
		04A2BBC81A228C8F009D0CBB /* en */ = {isa = PBXFileReference; lastKnownFileType = text.plist.strings; name = en; path = en.lproj/InfoPlist.strings; sourceTree = "<group>"; };
		04A2BBCA1A228C8F009D0CBB /* ZalunuTests.m */ = {isa = PBXFileReference; lastKnownFileType = sourcecode.c.objc; path = ZalunuTests.m; sourceTree = "<group>"; };
/* End PBXFileReference section */

/* Begin PBXFrameworksBuildPhase section */
		04A2BB991A228C8E009D0CBB /* Frameworks */ = {
			isa = PBXFrameworksBuildPhase;
			buildActionMask = 2147483647;
			files = (
				04A2BBA21A228C8E009D0CBB /* CoreGraphics.framework in Frameworks */,
				04A2BBA41A228C8E009D0CBB /* UIKit.framework in Frameworks */,
				04A2BBA01A228C8E009D0CBB /* Foundation.framework in Frameworks */,
			);
			runOnlyForDeploymentPostprocessing = 0;
		};
		04A2BBBA1A228C8F009D0CBB /* Frameworks */ = {
			isa = PBXFrameworksBuildPhase;
			buildActionMask = 2147483647;
			files = (
				04A2BBBF1A228C8F009D0CBB /* XCTest.framework in Frameworks */,
				04A2BBC11A228C8F009D0CBB /* UIKit.framework in Frameworks */,
				04A2BBC01A228C8F009D0CBB /* Foundation.framework in Frameworks */,
			);
			runOnlyForDeploymentPostprocessing = 0;
		};
/* End PBXFrameworksBuildPhase section */

/* Begin PBXGroup section */
		04A2BB931A228C8E009D0CBB = {
			isa = PBXGroup;
			children = (
				04A2BBA51A228C8E009D0CBB /* Zalunu */,
				04A2BBC41A228C8F009D0CBB /* ZalunuTests */,
				04A2BB9E1A228C8E009D0CBB /* Frameworks */,
				04A2BB9D1A228C8E009D0CBB /* Products */,
			);
			sourceTree = "<group>";
		};
		04A2BB9D1A228C8E009D0CBB /* Products */ = {
			isa = PBXGroup;
			children = (
				04A2BB9C1A228C8E009D0CBB /* Zalunu.app */,
				04A2BBBD1A228C8F009D0CBB /* ZalunuTests.xctest */,
			);
			name = Products;
			sourceTree = "<group>";
		};
		04A2BB9E1A228C8E009D0CBB /* Frameworks */ = {
			isa = PBXGroup;
			children = (
				04A2BB9F1A228C8E009D0CBB /* Foundation.framework */,
				04A2BBA11A228C8E009D0CBB /* CoreGraphics.framework */,
				04A2BBA31A228C8E009D0CBB /* UIKit.framework */,
				04A2BBBE1A228C8F009D0CBB /* XCTest.framework */,
			);
			name = Frameworks;
			sourceTree = "<group>";
		};
		04A2BBA51A228C8E009D0CBB /* Zalunu */ = {
			isa = PBXGroup;
			children = (
				04A2BBAE1A228C8E009D0CBB /* SMAppDelegate.h */,
				04A2BBAF1A228C8E009D0CBB /* SMAppDelegate.m */,
				04A2BBB11A228C8E009D0CBB /* Main.storyboard */,
				04A2BBB41A228C8E009D0CBB /* SMViewController.h */,
				04A2BBB51A228C8E009D0CBB /* SMViewController.m */,
				04A2BBB71A228C8E009D0CBB /* Images.xcassets */,
				04A2BBA61A228C8E009D0CBB /* Supporting Files */,
			);
			path = Zalunu;
			sourceTree = "<group>";
		};
		04A2BBA61A228C8E009D0CBB /* Supporting Files */ = {
			isa = PBXGroup;
			children = (
				04A2BBA71A228C8E009D0CBB /* Zalunu-Info.plist */,
				04A2BBA81A228C8E009D0CBB /* InfoPlist.strings */,
				04A2BBAB1A228C8E009D0CBB /* main.m */,
				04A2BBAD1A228C8E009D0CBB /* Zalunu-Prefix.pch */,
			);
			name = "Supporting Files";
			sourceTree = "<group>";
		};
		04A2BBC41A228C8F009D0CBB /* ZalunuTests */ = {
			isa = PBXGroup;
			children = (
				04A2BBCA1A228C8F009D0CBB /* ZalunuTests.m */,
				04A2BBC51A228C8F009D0CBB /* Supporting Files */,
			);
			path = ZalunuTests;
			sourceTree = "<group>";
		};
		04A2BBC51A228C8F009D0CBB /* Supporting Files */ = {
			isa = PBXGroup;
			children = (
				04A2BBC61A228C8F009D0CBB /* ZalunuTests-Info.plist */,
				04A2BBC71A228C8F009D0CBB /* InfoPlist.strings */,
			);
			name = "Supporting Files";
			sourceTree = "<group>";
		};
/* End PBXGroup section */

/* Begin PBXNativeTarget section */
		04A2BB9B1A228C8E009D0CBB /* Zalunu */ = {
			isa = PBXNativeTarget;
			buildConfigurationList = 04A2BBCE1A228C8F009D0CBB /* Build configuration list for PBXNativeTarget "Zalunu" */;
			buildPhases = (
				04A2BB981A228C8E009D0CBB /* Sources */,
				04A2BB991A228C8E009D0CBB /* Frameworks */,
				04A2BB9A1A228C8E009D0CBB /* Resources */,
			);
			buildRules = (
			);
			dependencies = (
			);
			name = Zalunu;
			productName = Zalunu;
			productReference = 04A2BB9C1A228C8E009D0CBB /* Zalunu.app */;
			productType = "com.apple.product-type.application";
		};
		04A2BBBC1A228C8F009D0CBB /* ZalunuTests */ = {
			isa = PBXNativeTarget;
			buildConfigurationList = 04A2BBD11A228C8F009D0CBB /* Build configuration list for PBXNativeTarget "ZalunuTests" */;
			buildPhases = (
				04A2BBB91A228C8F009D0CBB /* Sources */,
				04A2BBBA1A228C8F009D0CBB /* Frameworks */,
				04A2BBBB1A228C8F009D0CBB /* Resources */,
			);
			buildRules = (
			);
			dependencies = (
				04A2BBC31A228C8F009D0CBB /* PBXTargetDependency */,
			);
			name = ZalunuTests;
			productName = ZalunuTests;
			productReference = 04A2BBBD1A228C8F009D0CBB /* ZalunuTests.xctest */;
			productType = "com.apple.product-type.bundle.unit-test";
		};
/* End PBXNativeTarget section */

/* Begin PBXProject section */
		04A2BB941A228C8E009D0CBB /* Project object */ = {
			isa = PBXProject;
			attributes = {
				CLASSPREFIX = SM;
				LastUpgradeCheck = 0510;
				ORGANIZATIONNAME = "Seryoga Melnik";
				TargetAttributes = {
					04A2BBBC1A228C8F009D0CBB = {
						TestTargetID = 04A2BB9B1A228C8E009D0CBB;
					};
				};
			};
			buildConfigurationList = 04A2BB971A228C8E009D0CBB /* Build configuration list for PBXProject "Zalunu" */;
			compatibilityVersion = "Xcode 3.2";
			developmentRegion = English;
			hasScannedForEncodings = 0;
			knownRegions = (
				en,
				Base,
			);
			mainGroup = 04A2BB931A228C8E009D0CBB;
			productRefGroup = 04A2BB9D1A228C8E009D0CBB /* Products */;
			projectDirPath = "";
			projectRoot = "";
			targets = (
				04A2BB9B1A228C8E009D0CBB /* Zalunu */,
				04A2BBBC1A228C8F009D0CBB /* ZalunuTests */,
			);
		};
/* End PBXProject section */

/* Begin PBXResourcesBuildPhase section */
		04A2BB9A1A228C8E009D0CBB /* Resources */ = {
			isa = PBXResourcesBuildPhase;
			buildActionMask = 2147483647;
			files = (
				04A2BBB81A228C8E009D0CBB /* Images.xcassets in Resources */,
				04A2BBAA1A228C8E009D0CBB /* InfoPlist.strings in Resources */,
				04A2BBB31A228C8E009D0CBB /* Main.storyboard in Resources */,
			);
			runOnlyForDeploymentPostprocessing = 0;
		};
		04A2BBBB1A228C8F009D0CBB /* Resources */ = {
			isa = PBXResourcesBuildPhase;
			buildActionMask = 2147483647;
			files = (
				04A2BBC91A228C8F009D0CBB /* InfoPlist.strings in Resources */,
			);
			runOnlyForDeploymentPostprocessing = 0;
		};
/* End PBXResourcesBuildPhase section */

/* Begin PBXSourcesBuildPhase section */
		04A2BB981A228C8E009D0CBB /* Sources */ = {
			isa = PBXSourcesBuildPhase;
			buildActionMask = 2147483647;
			files = (
				04A2BBB01A228C8E009D0CBB /* SMAppDelegate.m in Sources */,
				04A2BBB61A228C8E009D0CBB /* SMViewController.m in Sources */,
				04A2BBAC1A228C8E009D0CBB /* main.m in Sources */,
			);
			runOnlyForDeploymentPostprocessing = 0;
		};
		04A2BBB91A228C8F009D0CBB /* Sources */ = {
			isa = PBXSourcesBuildPhase;
			buildActionMask = 2147483647;
			files = (
				04A2BBCB1A228C8F009D0CBB /* ZalunuTests.m in Sources */,
			);
			runOnlyForDeploymentPostprocessing = 0;
		};
/* End PBXSourcesBuildPhase section */

/* Begin PBXTargetDependency section */
		04A2BBC31A228C8F009D0CBB /* PBXTargetDependency */ = {
			isa = PBXTargetDependency;
			target = 04A2BB9B1A228C8E009D0CBB /* Zalunu */;
			targetProxy = 04A2BBC21A228C8F009D0CBB /* PBXContainerItemProxy */;
		};
/* End PBXTargetDependency section */

/* Begin PBXVariantGroup section */
		04A2BBA81A228C8E009D0CBB /* InfoPlist.strings */ = {
			isa = PBXVariantGroup;
			children = (
				04A2BBA91A228C8E009D0CBB /* en */,
			);
			name = InfoPlist.strings;
			sourceTree = "<group>";
		};
		04A2BBB11A228C8E009D0CBB /* Main.storyboard */ = {
			isa = PBXVariantGroup;
			children = (
				04A2BBB21A228C8E009D0CBB /* Base */,
			);
			name = Main.storyboard;
			sourceTree = "<group>";
		};
		04A2BBC71A228C8F009D0CBB /* InfoPlist.strings */ = {
			isa = PBXVariantGroup;
			children = (
				04A2BBC81A228C8F009D0CBB /* en */,
			);
			name = InfoPlist.strings;
			sourceTree = "<group>";
		};
/* End PBXVariantGroup section */

/* Begin XCBuildConfiguration section */
		04A2BBCC1A228C8F009D0CBB /* Debug */ = {
			isa = XCBuildConfiguration;
			buildSettings = {
				ALWAYS_SEARCH_USER_PATHS = NO;
				CLANG_CXX_LANGUAGE_STANDARD = "gnu++0x";
				CLANG_CXX_LIBRARY = "libc++";
				CLANG_ENABLE_MODULES = YES;
				CLANG_ENABLE_OBJC_ARC = YES;
				CLANG_WARN_BOOL_CONVERSION = YES;
				CLANG_WARN_CONSTANT_CONVERSION = YES;
				CLANG_WARN_DIRECT_OBJC_ISA_USAGE = YES_ERROR;
				CLANG_WARN_EMPTY_BODY = YES;
				CLANG_WARN_ENUM_CONVERSION = YES;
				CLANG_WARN_INT_CONVERSION = YES;
				CLANG_WARN_OBJC_ROOT_CLASS = YES_ERROR;
				CLANG_WARN__DUPLICATE_METHOD_MATCH = YES;
				"CODE_SIGN_IDENTITY[sdk=iphoneos*]" = "iPhone Developer";
				COPY_PHASE_STRIP = NO;
				GCC_C_LANGUAGE_STANDARD = gnu99;
				GCC_DYNAMIC_NO_PIC = NO;
				GCC_OPTIMIZATION_LEVEL = 0;
				GCC_PREPROCESSOR_DEFINITIONS = (
					"DEBUG=1",
					"$(inherited)",
				);
				GCC_SYMBOLS_PRIVATE_EXTERN = NO;
				GCC_WARN_64_TO_32_BIT_CONVERSION = YES;
				GCC_WARN_ABOUT_RETURN_TYPE = YES_ERROR;
				GCC_WARN_UNDECLARED_SELECTOR = YES;
				GCC_WARN_UNINITIALIZED_AUTOS = YES_AGGRESSIVE;
				GCC_WARN_UNUSED_FUNCTION = YES;
				GCC_WARN_UNUSED_VARIABLE = YES;
				IPHONEOS_DEPLOYMENT_TARGET = 7.1;
				ONLY_ACTIVE_ARCH = YES;
				SDKROOT = iphoneos;
			};
			name = Debug;
		};
		04A2BBCD1A228C8F009D0CBB /* Release */ = {
			isa = XCBuildConfiguration;
			buildSettings = {
				ALWAYS_SEARCH_USER_PATHS = NO;
				CLANG_CXX_LANGUAGE_STANDARD = "gnu++0x";
				CLANG_CXX_LIBRARY = "libc++";
				CLANG_ENABLE_MODULES = YES;
				CLANG_ENABLE_OBJC_ARC = YES;
				CLANG_WARN_BOOL_CONVERSION = YES;
				CLANG_WARN_CONSTANT_CONVERSION = YES;
				CLANG_WARN_DIRECT_OBJC_ISA_USAGE = YES_ERROR;
				CLANG_WARN_EMPTY_BODY = YES;
				CLANG_WARN_ENUM_CONVERSION = YES;
				CLANG_WARN_INT_CONVERSION = YES;
				CLANG_WARN_OBJC_ROOT_CLASS = YES_ERROR;
				CLANG_WARN__DUPLICATE_METHOD_MATCH = YES;
				"CODE_SIGN_IDENTITY[sdk=iphoneos*]" = "iPhone Developer";
				COPY_PHASE_STRIP = YES;
				ENABLE_NS_ASSERTIONS = NO;
				GCC_C_LANGUAGE_STANDARD = gnu99;
				GCC_WARN_64_TO_32_BIT_CONVERSION = YES;
				GCC_WARN_ABOUT_RETURN_TYPE = YES_ERROR;
				GCC_WARN_UNDECLARED_SELECTOR = YES;
				GCC_WARN_UNINITIALIZED_AUTOS = YES_AGGRESSIVE;
				GCC_WARN_UNUSED_FUNCTION = YES;
				GCC_WARN_UNUSED_VARIABLE = YES;
				IPHONEOS_DEPLOYMENT_TARGET = 7.1;
				SDKROOT = iphoneos;
				VALIDATE_PRODUCT = YES;
			};
			name = Release;
		};
		04A2BBCF1A228C8F009D0CBB /* Debug */ = {
			isa = XCBuildConfiguration;
			buildSettings = {
				ASSETCATALOG_COMPILER_APPICON_NAME = AppIcon;
				ASSETCATALOG_COMPILER_LAUNCHIMAGE_NAME = LaunchImage;
				GCC_PRECOMPILE_PREFIX_HEADER = YES;
				GCC_PREFIX_HEADER = "Zalunu/Zalunu-Prefix.pch";
				INFOPLIST_FILE = "Zalunu/Zalunu-Info.plist";
				PRODUCT_NAME = "$(TARGET_NAME)";
				WRAPPER_EXTENSION = app;
			};
			name = Debug;
		};
		04A2BBD01A228C8F009D0CBB /* Release */ = {
			isa = XCBuildConfiguration;
			buildSettings = {
				ASSETCATALOG_COMPILER_APPICON_NAME = AppIcon;
				ASSETCATALOG_COMPILER_LAUNCHIMAGE_NAME = LaunchImage;
				GCC_PRECOMPILE_PREFIX_HEADER = YES;
				GCC_PREFIX_HEADER = "Zalunu/Zalunu-Prefix.pch";
				INFOPLIST_FILE = "Zalunu/Zalunu-Info.plist";
				PRODUCT_NAME = "$(TARGET_NAME)";
				WRAPPER_EXTENSION = app;
			};
			name = Release;
		};
		04A2BBD21A228C8F009D0CBB /* Debug */ = {
			isa = XCBuildConfiguration;
			buildSettings = {
				BUNDLE_LOADER = "$(BUILT_PRODUCTS_DIR)/Zalunu.app/Zalunu";
				FRAMEWORK_SEARCH_PATHS = (
					"$(SDKROOT)/Developer/Library/Frameworks",
					"$(inherited)",
					"$(DEVELOPER_FRAMEWORKS_DIR)",
				);
				GCC_PRECOMPILE_PREFIX_HEADER = YES;
				GCC_PREFIX_HEADER = "Zalunu/Zalunu-Prefix.pch";
				GCC_PREPROCESSOR_DEFINITIONS = (
					"DEBUG=1",
					"$(inherited)",
				);
				INFOPLIST_FILE = "ZalunuTests/ZalunuTests-Info.plist";
				PRODUCT_NAME = "$(TARGET_NAME)";
				TEST_HOST = "$(BUNDLE_LOADER)";
				WRAPPER_EXTENSION = xctest;
			};
			name = Debug;
		};
		04A2BBD31A228C8F009D0CBB /* Release */ = {
			isa = XCBuildConfiguration;
			buildSettings = {
				BUNDLE_LOADER = "$(BUILT_PRODUCTS_DIR)/Zalunu.app/Zalunu";
				FRAMEWORK_SEARCH_PATHS = (
					"$(SDKROOT)/Developer/Library/Frameworks",
					"$(inherited)",
					"$(DEVELOPER_FRAMEWORKS_DIR)",
				);
				GCC_PRECOMPILE_PREFIX_HEADER = YES;
				GCC_PREFIX_HEADER = "Zalunu/Zalunu-Prefix.pch";
				INFOPLIST_FILE = "ZalunuTests/ZalunuTests-Info.plist";
				PRODUCT_NAME = "$(TARGET_NAME)";
				TEST_HOST = "$(BUNDLE_LOADER)";
				WRAPPER_EXTENSION = xctest;
			};
			name = Release;
		};
/* End XCBuildConfiguration section */

/* Begin XCConfigurationList section */
		04A2BB971A228C8E009D0CBB /* Build configuration list for PBXProject "Zalunu" */ = {
			isa = XCConfigurationList;
			buildConfigurations = (
				04A2BBCC1A228C8F009D0CBB /* Debug */,
				04A2BBCD1A228C8F009D0CBB /* Release */,
			);
			defaultConfigurationIsVisible = 0;
			defaultConfigurationName = Release;
		};
		04A2BBCE1A228C8F009D0CBB /* Build configuration list for PBXNativeTarget "Zalunu" */ = {
			isa = XCConfigurationList;
			buildConfigurations = (
				04A2BBCF1A228C8F009D0CBB /* Debug */,
				04A2BBD01A228C8F009D0CBB /* Release */,
			);
			defaultConfigurationIsVisible = 0;
		};
		04A2BBD11A228C8F009D0CBB /* Build configuration list for PBXNativeTarget "ZalunuTests" */ = {
			isa = XCConfigurationList;
			buildConfigurations = (
				04A2BBD21A228C8F009D0CBB /* Debug */,
				04A2BBD31A228C8F009D0CBB /* Release */,
			);
			defaultConfigurationIsVisible = 0;
		};
/* End XCConfigurationList section */
	};
	rootObject = 04A2BB941A228C8E009D0CBB /* Project object */;
}
